
Microsoft Visual Studio Solution File, Format Version 12.00
# Visual Studio Version 17
VisualStudioVersion = 17.5.33424.131
MinimumVisualStudioVersion = 10.0.40219.1
Project("{FAE04EC0-301F-11D3-BF4B-00C04F79EFBC}") = "ESMA Data Anonymisation Script", "ESMA Data Anonymisation Script\ESMA Data Anonymisation Script.csproj", "{27D0F4C3-A8B5-486B-8E5A-6E631B7B385A}"
EndProject
Global
	GlobalSection(SolutionConfigurationPlatforms) = preSolution
		Debug|Any CPU = Debug|Any CPU
		Release|Any CPU = Release|Any CPU
	EndGlobalSection
	GlobalSection(ProjectConfigurationPlatforms) = postSolution
		{27D0F4C3-A8B5-486B-8E5A-6E631B7B385A}.Debug|Any CPU.ActiveCfg = Debug|Any CPU
		{27D0F4C3-A8B5-486B-8E5A-6E631B7B385A}.Debug|Any CPU.Build.0 = Debug|Any CPU
		{27D0F4C3-A8B5-486B-8E5A-6E631B7B385A}.Release|Any CPU.ActiveCfg = Release|Any CPU
		{27D0F4C3-A8B5-486B-8E5A-6E631B7B385A}.Release|Any CPU.Build.0 = Release|Any CPU
	EndGlobalSection
	GlobalSection(SolutionProperties) = preSolution
		HideSolutionNode = FALSE
	EndGlobalSection
	GlobalSection(ExtensibilityGlobals) = postSolution
		SolutionGuid = {391893E4-EFB8-4089-8921-7183B44FBA1E}
	EndGlobalSection
EndGlobal
